
Microsoft Visual Studio Solution File, Format Version 12.00
# Visual Studio Version 17
VisualStudioVersion = 17.12.35521.163 d17.12
MinimumVisualStudioVersion = 10.0.40219.1
Project("{FAE04EC0-301F-11D3-BF4B-00C04F79EFBC}") = "WEB_CODEBASE_00016197", "WEB_CODEBASE_00016197\WEB_CODEBASE_00016197.csproj", "{C6DAF479-A61B-48D8-B98F-BA75E5B041BB}"
EndProject
Global
	GlobalSection(SolutionConfigurationPlatforms) = preSolution
		Debug|Any CPU = Debug|Any CPU
		Release|Any CPU = Release|Any CPU
	EndGlobalSection
	GlobalSection(ProjectConfigurationPlatforms) = postSolution
		{C6DAF479-A61B-48D8-B98F-BA75E5B041BB}.Debug|Any CPU.ActiveCfg = Debug|Any CPU
		{C6DAF479-A61B-48D8-B98F-BA75E5B041BB}.Debug|Any CPU.Build.0 = Debug|Any CPU
		{C6DAF479-A61B-48D8-B98F-BA75E5B041BB}.Release|Any CPU.ActiveCfg = Release|Any CPU
		{C6DAF479-A61B-48D8-B98F-BA75E5B041BB}.Release|Any CPU.Build.0 = Release|Any CPU
	EndGlobalSection
	GlobalSection(SolutionProperties) = preSolution
		HideSolutionNode = FALSE
	EndGlobalSection
EndGlobal
